---
lockVersion: 1.0.0
dependencies:
  codeql/javascript-all:
    version: 0.8.1
  codeql/javascript-queries:
    version: 0.8.1
  codeql/mad:
    version: 0.2.1
  codeql/regex:
    version: 0.2.1
  codeql/suite-helpers:
    version: 0.7.1
  codeql/tutorial:
    version: 0.2.1
  codeql/typos:
    version: 0.2.1
  codeql/util:
    version: 0.2.1
  codeql/yaml:
    version: 0.2.1
compiled: false
